
Microsoft Visual Studio Solution File, Format Version 12.00
# Visual Studio Version 16
VisualStudioVersion = 16.0.29613.14
MinimumVisualStudioVersion = 10.0.40219.1
Project("{FAE04EC0-301F-11D3-BF4B-00C04F79EFBC}") = "FinesApiProj", "FinesApiProj\FinesApiProj.csproj", "{950A4BCB-3D3C-4A87-A79A-5A790A5E791E}"
EndProject
Global
	GlobalSection(SolutionConfigurationPlatforms) = preSolution
		Debug|Any CPU = Debug|Any CPU
		Release|Any CPU = Release|Any CPU
	EndGlobalSection
	GlobalSection(ProjectConfigurationPlatforms) = postSolution
		{950A4BCB-3D3C-4A87-A79A-5A790A5E791E}.Debug|Any CPU.ActiveCfg = Debug|Any CPU
		{950A4BCB-3D3C-4A87-A79A-5A790A5E791E}.Debug|Any CPU.Build.0 = Debug|Any CPU
		{950A4BCB-3D3C-4A87-A79A-5A790A5E791E}.Release|Any CPU.ActiveCfg = Release|Any CPU
		{950A4BCB-3D3C-4A87-A79A-5A790A5E791E}.Release|Any CPU.Build.0 = Release|Any CPU
	EndGlobalSection
	GlobalSection(SolutionProperties) = preSolution
		HideSolutionNode = FALSE
	EndGlobalSection
	GlobalSection(ExtensibilityGlobals) = postSolution
		SolutionGuid = {DE40DAD8-771E-4FAA-9CD3-5182081F0516}
	EndGlobalSection
EndGlobal
